
Microsoft Visual Studio Solution File, Format Version 12.00
# Visual Studio 15
VisualStudioVersion = 15.0.28307.1000
MinimumVisualStudioVersion = 10.0.40219.1
Project("{FAE04EC0-301F-11D3-BF4B-00C04F79EFBC}") = "WcfServiceLibrary", "WcfServiceLibrary\WcfServiceLibrary.csproj", "{14545595-A372-4D62-89E7-879AE2861D44}"
EndProject
Project("{2150E333-8FDC-42A3-9474-1A3956D46DE8}") = "WCF", "WCF", "{9C703C8A-47B6-4D0E-8227-ADA221B2BEA3}"
EndProject
Global
	GlobalSection(SolutionConfigurationPlatforms) = preSolution
		Debug|Any CPU = Debug|Any CPU
		Release|Any CPU = Release|Any CPU
	EndGlobalSection
	GlobalSection(ProjectConfigurationPlatforms) = postSolution
		{14545595-A372-4D62-89E7-879AE2861D44}.Debug|Any CPU.ActiveCfg = Debug|Any CPU
		{14545595-A372-4D62-89E7-879AE2861D44}.Debug|Any CPU.Build.0 = Debug|Any CPU
		{14545595-A372-4D62-89E7-879AE2861D44}.Release|Any CPU.ActiveCfg = Release|Any CPU
		{14545595-A372-4D62-89E7-879AE2861D44}.Release|Any CPU.Build.0 = Release|Any CPU
	EndGlobalSection
	GlobalSection(SolutionProperties) = preSolution
		HideSolutionNode = FALSE
	EndGlobalSection
	GlobalSection(NestedProjects) = preSolution
		{14545595-A372-4D62-89E7-879AE2861D44} = {9C703C8A-47B6-4D0E-8227-ADA221B2BEA3}
	EndGlobalSection
	GlobalSection(ExtensibilityGlobals) = postSolution
		SolutionGuid = {57F3573F-3B2B-402C-B8C7-1A582225F561}
	EndGlobalSection
EndGlobal
